// !$*UTF8*$!
{
	archiveVersion = 1;
	classes = {
	};
	objectVersion = 56;
	objects = {

/* Begin PBXBuildFile section */
		A423CEFA295CD86600462C6A /* WindowView.swift in Sources */ = {isa = PBXBuildFile; fileRef = A423CEF9295CD86600462C6A /* WindowView.swift */; };
		A4DD9AC8295CBEB8005DDA17 /* AppDelegate.swift in Sources */ = {isa = PBXBuildFile; fileRef = A4DD9AC7295CBEB8005DDA17 /* AppDelegate.swift */; };
		A4DD9ACA295CBEB8005DDA17 /* WindowController.swift in Sources */ = {isa = PBXBuildFile; fileRef = A4DD9AC9295CBEB8005DDA17 /* WindowController.swift */; };
		A4DD9ACC295CBEBA005DDA17 /* Assets.xcassets in Resources */ = {isa = PBXBuildFile; fileRef = A4DD9ACB295CBEBA005DDA17 /* Assets.xcassets */; };
		A4DD9ACF295CBEBA005DDA17 /* Main.storyboard in Resources */ = {isa = PBXBuildFile; fileRef = A4DD9ACD295CBEBA005DDA17 /* Main.storyboard */; };
		A4DD9AD7295CC024005DDA17 /* GrassView.swift in Sources */ = {isa = PBXBuildFile; fileRef = A4DD9AD6295CC024005DDA17 /* GrassView.swift */; };
		A4DD9AD9295CC060005DDA17 /* BladeLayer.swift in Sources */ = {isa = PBXBuildFile; fileRef = A4DD9AD8295CC060005DDA17 /* BladeLayer.swift */; };
/* End PBXBuildFile section */

/* Begin PBXFileReference section */
		A423CEF9295CD86600462C6A /* WindowView.swift */ = {isa = PBXFileReference; lastKnownFileType = sourcecode.swift; path = WindowView.swift; sourceTree = "<group>"; };
		A4DD9AC4295CBEB8005DDA17 /* TouchGrass.app */ = {isa = PBXFileReference; explicitFileType = wrapper.application; includeInIndex = 0; path = TouchGrass.app; sourceTree = BUILT_PRODUCTS_DIR; };
		A4DD9AC7295CBEB8005DDA17 /* AppDelegate.swift */ = {isa = PBXFileReference; lastKnownFileType = sourcecode.swift; path = AppDelegate.swift; sourceTree = "<group>"; };
		A4DD9AC9295CBEB8005DDA17 /* WindowController.swift */ = {isa = PBXFileReference; lastKnownFileType = sourcecode.swift; path = WindowController.swift; sourceTree = "<group>"; };
		A4DD9ACB295CBEBA005DDA17 /* Assets.xcassets */ = {isa = PBXFileReference; lastKnownFileType = folder.assetcatalog; path = Assets.xcassets; sourceTree = "<group>"; };
		A4DD9ACE295CBEBA005DDA17 /* Base */ = {isa = PBXFileReference; lastKnownFileType = file.storyboard; name = Base; path = Base.lproj/Main.storyboard; sourceTree = "<group>"; };
		A4DD9AD0295CBEBA005DDA17 /* TouchGrass.entitlements */ = {isa = PBXFileReference; lastKnownFileType = text.plist.entitlements; path = TouchGrass.entitlements; sourceTree = "<group>"; };
		A4DD9AD6295CC024005DDA17 /* GrassView.swift */ = {isa = PBXFileReference; lastKnownFileType = sourcecode.swift; path = GrassView.swift; sourceTree = "<group>"; };
		A4DD9AD8295CC060005DDA17 /* BladeLayer.swift */ = {isa = PBXFileReference; lastKnownFileType = sourcecode.swift; path = BladeLayer.swift; sourceTree = "<group>"; };
/* End PBXFileReference section */

/* Begin PBXFrameworksBuildPhase section */
		A4DD9AC1295CBEB8005DDA17 /* Frameworks */ = {
			isa = PBXFrameworksBuildPhase;
			buildActionMask = 2147483647;
			files = (
			);
			runOnlyForDeploymentPostprocessing = 0;
		};
/* End PBXFrameworksBuildPhase section */

/* Begin PBXGroup section */
		A4DD9ABB295CBEB8005DDA17 = {
			isa = PBXGroup;
			children = (
				A4DD9AC6295CBEB8005DDA17 /* TouchGrass */,
				A4DD9AC5295CBEB8005DDA17 /* Products */,
			);
			sourceTree = "<group>";
		};
		A4DD9AC5295CBEB8005DDA17 /* Products */ = {
			isa = PBXGroup;
			children = (
				A4DD9AC4295CBEB8005DDA17 /* TouchGrass.app */,
			);
			name = Products;
			sourceTree = "<group>";
		};
		A4DD9AC6295CBEB8005DDA17 /* TouchGrass */ = {
			isa = PBXGroup;
			children = (
				A4DD9AC7295CBEB8005DDA17 /* AppDelegate.swift */,
				A4DD9AC9295CBEB8005DDA17 /* WindowController.swift */,
				A4DD9ACB295CBEBA005DDA17 /* Assets.xcassets */,
				A4DD9AD6295CC024005DDA17 /* GrassView.swift */,
				A4DD9AD8295CC060005DDA17 /* BladeLayer.swift */,
				A4DD9ACD295CBEBA005DDA17 /* Main.storyboard */,
				A423CEF9295CD86600462C6A /* WindowView.swift */,
				A4DD9AD0295CBEBA005DDA17 /* TouchGrass.entitlements */,
			);
			path = TouchGrass;
			sourceTree = "<group>";
		};
/* End PBXGroup section */

/* Begin PBXNativeTarget section */
		A4DD9AC3295CBEB8005DDA17 /* TouchGrass */ = {
			isa = PBXNativeTarget;
			buildConfigurationList = A4DD9AD3295CBEBA005DDA17 /* Build configuration list for PBXNativeTarget "TouchGrass" */;
			buildPhases = (
				A4DD9AC0295CBEB8005DDA17 /* Sources */,
				A4DD9AC1295CBEB8005DDA17 /* Frameworks */,
				A4DD9AC2295CBEB8005DDA17 /* Resources */,
			);
			buildRules = (
			);
			dependencies = (
			);
			name = TouchGrass;
			productName = TouchGrass;
			productReference = A4DD9AC4295CBEB8005DDA17 /* TouchGrass.app */;
			productType = "com.apple.product-type.application";
		};
/* End PBXNativeTarget section */

/* Begin PBXProject section */
		A4DD9ABC295CBEB8005DDA17 /* Project object */ = {
			isa = PBXProject;
			attributes = {
				BuildIndependentTargetsInParallel = 1;
				LastSwiftUpdateCheck = 1420;
				LastUpgradeCheck = 1420;
				TargetAttributes = {
					A4DD9AC3295CBEB8005DDA17 = {
						CreatedOnToolsVersion = 14.2;
					};
				};
			};
			buildConfigurationList = A4DD9ABF295CBEB8005DDA17 /* Build configuration list for PBXProject "TouchGrass" */;
			compatibilityVersion = "Xcode 14.0";
			developmentRegion = en;
			hasScannedForEncodings = 0;
			knownRegions = (
				en,
				Base,
			);
			mainGroup = A4DD9ABB295CBEB8005DDA17;
			productRefGroup = A4DD9AC5295CBEB8005DDA17 /* Products */;
			projectDirPath = "";
			projectRoot = "";
			targets = (
				A4DD9AC3295CBEB8005DDA17 /* TouchGrass */,
			);
		};
/* End PBXProject section */

/* Begin PBXResourcesBuildPhase section */
		A4DD9AC2295CBEB8005DDA17 /* Resources */ = {
			isa = PBXResourcesBuildPhase;
			buildActionMask = 2147483647;
			files = (
				A4DD9ACC295CBEBA005DDA17 /* Assets.xcassets in Resources */,
				A4DD9ACF295CBEBA005DDA17 /* Main.storyboard in Resources */,
			);
			runOnlyForDeploymentPostprocessing = 0;
		};
/* End PBXResourcesBuildPhase section */

/* Begin PBXSourcesBuildPhase section */
		A4DD9AC0295CBEB8005DDA17 /* Sources */ = {
			isa = PBXSourcesBuildPhase;
			buildActionMask = 2147483647;
			files = (
				A4DD9AD9295CC060005DDA17 /* BladeLayer.swift in Sources */,
				A423CEFA295CD86600462C6A /* WindowView.swift in Sources */,
				A4DD9ACA295CBEB8005DDA17 /* WindowController.swift in Sources */,
				A4DD9AC8295CBEB8005DDA17 /* AppDelegate.swift in Sources */,
				A4DD9AD7295CC024005DDA17 /* GrassView.swift in Sources */,
			);
			runOnlyForDeploymentPostprocessing = 0;
		};
/* End PBXSourcesBuildPhase section */

/* Begin PBXVariantGroup section */
		A4DD9ACD295CBEBA005DDA17 /* Main.storyboard */ = {
			isa = PBXVariantGroup;
			children = (
				A4DD9ACE295CBEBA005DDA17 /* Base */,
			);
			name = Main.storyboard;
			sourceTree = "<group>";
		};
/* End PBXVariantGroup section */

/* Begin XCBuildConfiguration section */
		A4DD9AD1295CBEBA005DDA17 /* Debug */ = {
			isa = XCBuildConfiguration;
			buildSettings = {
				ALWAYS_SEARCH_USER_PATHS = NO;
				CLANG_ANALYZER_NONNULL = YES;
				CLANG_ANALYZER_NUMBER_OBJECT_CONVERSION = YES_AGGRESSIVE;
				CLANG_CXX_LANGUAGE_STANDARD = "gnu++20";
				CLANG_ENABLE_MODULES = YES;
				CLANG_ENABLE_OBJC_ARC = YES;
				CLANG_ENABLE_OBJC_WEAK = YES;
				CLANG_WARN_BLOCK_CAPTURE_AUTORELEASING = YES;
				CLANG_WARN_BOOL_CONVERSION = YES;
				CLANG_WARN_COMMA = YES;
				CLANG_WARN_CONSTANT_CONVERSION = YES;
				CLANG_WARN_DEPRECATED_OBJC_IMPLEMENTATIONS = YES;
				CLANG_WARN_DIRECT_OBJC_ISA_USAGE = YES_ERROR;
				CLANG_WARN_DOCUMENTATION_COMMENTS = YES;
				CLANG_WARN_EMPTY_BODY = YES;
				CLANG_WARN_ENUM_CONVERSION = YES;
				CLANG_WARN_INFINITE_RECURSION = YES;
				CLANG_WARN_INT_CONVERSION = YES;
				CLANG_WARN_NON_LITERAL_NULL_CONVERSION = YES;
				CLANG_WARN_OBJC_IMPLICIT_RETAIN_SELF = YES;
				CLANG_WARN_OBJC_LITERAL_CONVERSION = YES;
				CLANG_WARN_OBJC_ROOT_CLASS = YES_ERROR;
				CLANG_WARN_QUOTED_INCLUDE_IN_FRAMEWORK_HEADER = YES;
				CLANG_WARN_RANGE_LOOP_ANALYSIS = YES;
				CLANG_WARN_STRICT_PROTOTYPES = YES;
				CLANG_WARN_SUSPICIOUS_MOVE = YES;
				CLANG_WARN_UNGUARDED_AVAILABILITY = YES_AGGRESSIVE;
				CLANG_WARN_UNREACHABLE_CODE = YES;
				CLANG_WARN__DUPLICATE_METHOD_MATCH = YES;
				COPY_PHASE_STRIP = NO;
				DEBUG_INFORMATION_FORMAT = dwarf;
				ENABLE_STRICT_OBJC_MSGSEND = YES;
				ENABLE_TESTABILITY = YES;
				GCC_C_LANGUAGE_STANDARD = gnu11;
				GCC_DYNAMIC_NO_PIC = NO;
				GCC_NO_COMMON_BLOCKS = YES;
				GCC_OPTIMIZATION_LEVEL = 0;
				GCC_PREPROCESSOR_DEFINITIONS = (
					"DEBUG=1",
					"$(inherited)",
				);
				GCC_WARN_64_TO_32_BIT_CONVERSION = YES;
				GCC_WARN_ABOUT_RETURN_TYPE = YES_ERROR;
				GCC_WARN_UNDECLARED_SELECTOR = YES;
				GCC_WARN_UNINITIALIZED_AUTOS = YES_AGGRESSIVE;
				GCC_WARN_UNUSED_FUNCTION = YES;
				GCC_WARN_UNUSED_VARIABLE = YES;
				MACOSX_DEPLOYMENT_TARGET = 13.0;
				MTL_ENABLE_DEBUG_INFO = INCLUDE_SOURCE;
				MTL_FAST_MATH = YES;
				ONLY_ACTIVE_ARCH = YES;
				SDKROOT = macosx;
				SWIFT_ACTIVE_COMPILATION_CONDITIONS = DEBUG;
				SWIFT_OPTIMIZATION_LEVEL = "-Onone";
			};
			name = Debug;
		};
		A4DD9AD2295CBEBA005DDA17 /* Release */ = {
			isa = XCBuildConfiguration;
			buildSettings = {
				ALWAYS_SEARCH_USER_PATHS = NO;
				CLANG_ANALYZER_NONNULL = YES;
				CLANG_ANALYZER_NUMBER_OBJECT_CONVERSION = YES_AGGRESSIVE;
				CLANG_CXX_LANGUAGE_STANDARD = "gnu++20";
				CLANG_ENABLE_MODULES = YES;
				CLANG_ENABLE_OBJC_ARC = YES;
				CLANG_ENABLE_OBJC_WEAK = YES;
				CLANG_WARN_BLOCK_CAPTURE_AUTORELEASING = YES;
				CLANG_WARN_BOOL_CONVERSION = YES;
				CLANG_WARN_COMMA = YES;
				CLANG_WARN_CONSTANT_CONVERSION = YES;
				CLANG_WARN_DEPRECATED_OBJC_IMPLEMENTATIONS = YES;
				CLANG_WARN_DIRECT_OBJC_ISA_USAGE = YES_ERROR;
				CLANG_WARN_DOCUMENTATION_COMMENTS = YES;
				CLANG_WARN_EMPTY_BODY = YES;
				CLANG_WARN_ENUM_CONVERSION = YES;
				CLANG_WARN_INFINITE_RECURSION = YES;
				CLANG_WARN_INT_CONVERSION = YES;
				CLANG_WARN_NON_LITERAL_NULL_CONVERSION = YES;
				CLANG_WARN_OBJC_IMPLICIT_RETAIN_SELF = YES;
				CLANG_WARN_OBJC_LITERAL_CONVERSION = YES;
				CLANG_WARN_OBJC_ROOT_CLASS = YES_ERROR;
				CLANG_WARN_QUOTED_INCLUDE_IN_FRAMEWORK_HEADER = YES;
				CLANG_WARN_RANGE_LOOP_ANALYSIS = YES;
				CLANG_WARN_STRICT_PROTOTYPES = YES;
				CLANG_WARN_SUSPICIOUS_MOVE = YES;
				CLANG_WARN_UNGUARDED_AVAILABILITY = YES_AGGRESSIVE;
				CLANG_WARN_UNREACHABLE_CODE = YES;
				CLANG_WARN__DUPLICATE_METHOD_MATCH = YES;
				COPY_PHASE_STRIP = NO;
				DEBUG_INFORMATION_FORMAT = "dwarf-with-dsym";
				ENABLE_NS_ASSERTIONS = NO;
				ENABLE_STRICT_OBJC_MSGSEND = YES;
				GCC_C_LANGUAGE_STANDARD = gnu11;
				GCC_NO_COMMON_BLOCKS = YES;
				GCC_WARN_64_TO_32_BIT_CONVERSION = YES;
				GCC_WARN_ABOUT_RETURN_TYPE = YES_ERROR;
				GCC_WARN_UNDECLARED_SELECTOR = YES;
				GCC_WARN_UNINITIALIZED_AUTOS = YES_AGGRESSIVE;
				GCC_WARN_UNUSED_FUNCTION = YES;
				GCC_WARN_UNUSED_VARIABLE = YES;
				MACOSX_DEPLOYMENT_TARGET = 13.0;
				MTL_ENABLE_DEBUG_INFO = NO;
				MTL_FAST_MATH = YES;
				SDKROOT = macosx;
				SWIFT_COMPILATION_MODE = wholemodule;
				SWIFT_OPTIMIZATION_LEVEL = "-O";
			};
			name = Release;
		};
		A4DD9AD4295CBEBA005DDA17 /* Debug */ = {
			isa = XCBuildConfiguration;
			buildSettings = {
				ASSETCATALOG_COMPILER_APPICON_NAME = AppIcon;
				ASSETCATALOG_COMPILER_GLOBAL_ACCENT_COLOR_NAME = AccentColor;
				CODE_SIGN_ENTITLEMENTS = TouchGrass/TouchGrass.entitlements;
				CODE_SIGN_STYLE = Automatic;
				COMBINE_HIDPI_IMAGES = YES;
				CURRENT_PROJECT_VERSION = 1;
				GENERATE_INFOPLIST_FILE = YES;
				INFOPLIST_KEY_NSHumanReadableCopyright = "";
				INFOPLIST_KEY_NSMainStoryboardFile = Main;
				INFOPLIST_KEY_NSPrincipalClass = NSApplication;
				LD_RUNPATH_SEARCH_PATHS = (
					"$(inherited)",
					"@executable_path/../Frameworks",
				);
				MARKETING_VERSION = 1.0;
				PRODUCT_BUNDLE_IDENTIFIER = jamesfator.TouchGrass;
				PRODUCT_NAME = "$(TARGET_NAME)";
				SWIFT_EMIT_LOC_STRINGS = YES;
				SWIFT_VERSION = 5.0;
			};
			name = Debug;
		};
		A4DD9AD5295CBEBA005DDA17 /* Release */ = {
			isa = XCBuildConfiguration;
			buildSettings = {
				ASSETCATALOG_COMPILER_APPICON_NAME = AppIcon;
				ASSETCATALOG_COMPILER_GLOBAL_ACCENT_COLOR_NAME = AccentColor;
				CODE_SIGN_ENTITLEMENTS = TouchGrass/TouchGrass.entitlements;
				CODE_SIGN_STYLE = Automatic;
				COMBINE_HIDPI_IMAGES = YES;
				CURRENT_PROJECT_VERSION = 1;
				GENERATE_INFOPLIST_FILE = YES;
				INFOPLIST_KEY_NSHumanReadableCopyright = "";
				INFOPLIST_KEY_NSMainStoryboardFile = Main;
				INFOPLIST_KEY_NSPrincipalClass = NSApplication;
				LD_RUNPATH_SEARCH_PATHS = (
					"$(inherited)",
					"@executable_path/../Frameworks",
				);
				MARKETING_VERSION = 1.0;
				PRODUCT_BUNDLE_IDENTIFIER = jamesfator.TouchGrass;
				PRODUCT_NAME = "$(TARGET_NAME)";
				SWIFT_EMIT_LOC_STRINGS = YES;
				SWIFT_VERSION = 5.0;
			};
			name = Release;
		};
/* End XCBuildConfiguration section */

/* Begin XCConfigurationList section */
		A4DD9ABF295CBEB8005DDA17 /* Build configuration list for PBXProject "TouchGrass" */ = {
			isa = XCConfigurationList;
			buildConfigurations = (
				A4DD9AD1295CBEBA005DDA17 /* Debug */,
				A4DD9AD2295CBEBA005DDA17 /* Release */,
			);
			defaultConfigurationIsVisible = 0;
			defaultConfigurationName = Release;
		};
		A4DD9AD3295CBEBA005DDA17 /* Build configuration list for PBXNativeTarget "TouchGrass" */ = {
			isa = XCConfigurationList;
			buildConfigurations = (
				A4DD9AD4295CBEBA005DDA17 /* Debug */,
				A4DD9AD5295CBEBA005DDA17 /* Release */,
			);
			defaultConfigurationIsVisible = 0;
			defaultConfigurationName = Release;
		};
/* End XCConfigurationList section */
	};
	rootObject = A4DD9ABC295CBEB8005DDA17 /* Project object */;
}
